
Microsoft Visual Studio Solution File, Format Version 12.00
# Visual Studio Version 17
VisualStudioVersion = 17.11.35312.102
MinimumVisualStudioVersion = 10.0.40219.1
Project("{FAE04EC0-301F-11D3-BF4B-00C04F79EFBC}") = "SatelliteTracker", "SatelliteTracker\SatelliteTracker.csproj", "{3EA42454-5488-42EF-B1CC-4B5E5A7006A6}"
EndProject
Global
	GlobalSection(SolutionConfigurationPlatforms) = preSolution
		Debug|Any CPU = Debug|Any CPU
		Release|Any CPU = Release|Any CPU
	EndGlobalSection
	GlobalSection(ProjectConfigurationPlatforms) = postSolution
		{3EA42454-5488-42EF-B1CC-4B5E5A7006A6}.Debug|Any CPU.ActiveCfg = Debug|Any CPU
		{3EA42454-5488-42EF-B1CC-4B5E5A7006A6}.Debug|Any CPU.Build.0 = Debug|Any CPU
		{3EA42454-5488-42EF-B1CC-4B5E5A7006A6}.Release|Any CPU.ActiveCfg = Release|Any CPU
		{3EA42454-5488-42EF-B1CC-4B5E5A7006A6}.Release|Any CPU.Build.0 = Release|Any CPU
	EndGlobalSection
	GlobalSection(SolutionProperties) = preSolution
		HideSolutionNode = FALSE
	EndGlobalSection
	GlobalSection(ExtensibilityGlobals) = postSolution
		SolutionGuid = {F9C4C798-9F26-426E-97F7-45FAF21EF834}
	EndGlobalSection
EndGlobal
